
Microsoft Visual Studio Solution File, Format Version 12.00
# Visual Studio Version 17
VisualStudioVersion = 17.5.002.0
MinimumVisualStudioVersion = 10.0.40219.1
<<<<<<< HEAD
Project("{9A19103F-16F7-4668-BE54-9A1E7A4F7556}") = "spark", "spark.csproj", "{E677D67B-F19D-4F71-A545-32B39762BA4B}"
=======
Project("{9A19103F-16F7-4668-BE54-9A1E7A4F7556}") = "spark", "spark.csproj", "{15216872-1E07-468D-A128-D02D4F710AEB}"
>>>>>>> main
EndProject
Global
	GlobalSection(SolutionConfigurationPlatforms) = preSolution
		Debug|Any CPU = Debug|Any CPU
		Release|Any CPU = Release|Any CPU
	EndGlobalSection
	GlobalSection(ProjectConfigurationPlatforms) = postSolution
<<<<<<< HEAD
		{E677D67B-F19D-4F71-A545-32B39762BA4B}.Debug|Any CPU.ActiveCfg = Debug|Any CPU
		{E677D67B-F19D-4F71-A545-32B39762BA4B}.Debug|Any CPU.Build.0 = Debug|Any CPU
		{E677D67B-F19D-4F71-A545-32B39762BA4B}.Release|Any CPU.ActiveCfg = Release|Any CPU
		{E677D67B-F19D-4F71-A545-32B39762BA4B}.Release|Any CPU.Build.0 = Release|Any CPU
=======
		{15216872-1E07-468D-A128-D02D4F710AEB}.Debug|Any CPU.ActiveCfg = Debug|Any CPU
		{15216872-1E07-468D-A128-D02D4F710AEB}.Debug|Any CPU.Build.0 = Debug|Any CPU
		{15216872-1E07-468D-A128-D02D4F710AEB}.Release|Any CPU.ActiveCfg = Release|Any CPU
		{15216872-1E07-468D-A128-D02D4F710AEB}.Release|Any CPU.Build.0 = Release|Any CPU
>>>>>>> main
	EndGlobalSection
	GlobalSection(SolutionProperties) = preSolution
		HideSolutionNode = FALSE
	EndGlobalSection
	GlobalSection(ExtensibilityGlobals) = postSolution
		SolutionGuid = {76B8BF26-7849-464C-B076-6BE09E560085}
	EndGlobalSection
EndGlobal
